// !$*UTF8*$!
{
	archiveVersion = 1;
	classes = {
	};
	objectVersion = 56;
	objects = {

/* Begin PBXBuildFile section */
		4B1261372BA31450002F52BD /* UpcomingCollectionViewCell.swift in Sources */ = {isa = PBXBuildFile; fileRef = 4B1261362BA31450002F52BD /* UpcomingCollectionViewCell.swift */; };
		4B73950C2BAC3187006843DB /* SelectFriendsViewController.swift in Sources */ = {isa = PBXBuildFile; fileRef = 4B73950B2BAC3187006843DB /* SelectFriendsViewController.swift */; };
		4B73950E2BAC31A4006843DB /* SetMeetingViewController.swift in Sources */ = {isa = PBXBuildFile; fileRef = 4B73950D2BAC31A4006843DB /* SetMeetingViewController.swift */; };
		4B7395102BAC31BB006843DB /* AddMeetingPlaceViewController.swift in Sources */ = {isa = PBXBuildFile; fileRef = 4B73950F2BAC31BB006843DB /* AddMeetingPlaceViewController.swift */; };
		4B7395122BAC3D32006843DB /* AddMeetingPlaceTableViewCell.swift in Sources */ = {isa = PBXBuildFile; fileRef = 4B7395112BAC3D32006843DB /* AddMeetingPlaceTableViewCell.swift */; };
		4BA12D7F2BA004CE00BC4EB0 /* AppDelegate.swift in Sources */ = {isa = PBXBuildFile; fileRef = 4BA12D7E2BA004CE00BC4EB0 /* AppDelegate.swift */; };
		4BA12D812BA004CE00BC4EB0 /* SceneDelegate.swift in Sources */ = {isa = PBXBuildFile; fileRef = 4BA12D802BA004CE00BC4EB0 /* SceneDelegate.swift */; };
		4BA12D862BA004CE00BC4EB0 /* Jinhee.storyboard in Resources */ = {isa = PBXBuildFile; fileRef = 4BA12D842BA004CE00BC4EB0 /* Jinhee.storyboard */; };
		4BA12D892BA004CE00BC4EB0 /* Foodle.xcdatamodeld in Sources */ = {isa = PBXBuildFile; fileRef = 4BA12D872BA004CE00BC4EB0 /* Foodle.xcdatamodeld */; };
		4BA12D8B2BA004CF00BC4EB0 /* Assets.xcassets in Resources */ = {isa = PBXBuildFile; fileRef = 4BA12D8A2BA004CF00BC4EB0 /* Assets.xcassets */; };
		4BA12D8E2BA004CF00BC4EB0 /* LaunchScreen.storyboard in Resources */ = {isa = PBXBuildFile; fileRef = 4BA12D8C2BA004CF00BC4EB0 /* LaunchScreen.storyboard */; };
		4BA12D962BA0054F00BC4EB0 /* Minjeong.storyboard in Resources */ = {isa = PBXBuildFile; fileRef = 4BA12D952BA0054F00BC4EB0 /* Minjeong.storyboard */; };
		4BB15A002BB532BC0090A6DE /* UIImageExtension.swift in Sources */ = {isa = PBXBuildFile; fileRef = 4BB159FF2BB532BC0090A6DE /* UIImageExtension.swift */; };
		4BC68AAD2BA2B67300FC6546 /* MainViewController.swift in Sources */ = {isa = PBXBuildFile; fileRef = 4BC68AAC2BA2B67300FC6546 /* MainViewController.swift */; };
		4BC68AB02BA2DAF200FC6546 /* MainCollectionViewCell.swift in Sources */ = {isa = PBXBuildFile; fileRef = 4BC68AAF2BA2DAF200FC6546 /* MainCollectionViewCell.swift */; };
		4BC68AB22BA2DBD300FC6546 /* MainTableViewCell.swift in Sources */ = {isa = PBXBuildFile; fileRef = 4BC68AB12BA2DBD300FC6546 /* MainTableViewCell.swift */; };
		92B688482BB0A20400D7DF2C /* LoginViewCell.swift in Sources */ = {isa = PBXBuildFile; fileRef = 92B688472BB0A20400D7DF2C /* LoginViewCell.swift */; };
		92B6884D2BB0A46E00D7DF2C /* icon_apple.png in Resources */ = {isa = PBXBuildFile; fileRef = 92B6884A2BB0A46D00D7DF2C /* icon_apple.png */; };
		92B6884E2BB0A46E00D7DF2C /* icon_kakao.png in Resources */ = {isa = PBXBuildFile; fileRef = 92B6884B2BB0A46D00D7DF2C /* icon_kakao.png */; };
		92B6884F2BB0A46E00D7DF2C /* icon_naver.png in Resources */ = {isa = PBXBuildFile; fileRef = 92B6884C2BB0A46E00D7DF2C /* icon_naver.png */; };
/* End PBXBuildFile section */

/* Begin PBXFileReference section */
		4B1261362BA31450002F52BD /* UpcomingCollectionViewCell.swift */ = {isa = PBXFileReference; lastKnownFileType = sourcecode.swift; path = UpcomingCollectionViewCell.swift; sourceTree = "<group>"; };
		4B73950B2BAC3187006843DB /* SelectFriendsViewController.swift */ = {isa = PBXFileReference; lastKnownFileType = sourcecode.swift; path = SelectFriendsViewController.swift; sourceTree = "<group>"; };
		4B73950D2BAC31A4006843DB /* SetMeetingViewController.swift */ = {isa = PBXFileReference; lastKnownFileType = sourcecode.swift; path = SetMeetingViewController.swift; sourceTree = "<group>"; };
		4B73950F2BAC31BB006843DB /* AddMeetingPlaceViewController.swift */ = {isa = PBXFileReference; lastKnownFileType = sourcecode.swift; path = AddMeetingPlaceViewController.swift; sourceTree = "<group>"; };
		4B7395112BAC3D32006843DB /* AddMeetingPlaceTableViewCell.swift */ = {isa = PBXFileReference; lastKnownFileType = sourcecode.swift; path = AddMeetingPlaceTableViewCell.swift; sourceTree = "<group>"; };
		4BA12D7B2BA004CE00BC4EB0 /* Foodle.app */ = {isa = PBXFileReference; explicitFileType = wrapper.application; includeInIndex = 0; path = Foodle.app; sourceTree = BUILT_PRODUCTS_DIR; };
		4BA12D7E2BA004CE00BC4EB0 /* AppDelegate.swift */ = {isa = PBXFileReference; lastKnownFileType = sourcecode.swift; path = AppDelegate.swift; sourceTree = "<group>"; };
		4BA12D802BA004CE00BC4EB0 /* SceneDelegate.swift */ = {isa = PBXFileReference; lastKnownFileType = sourcecode.swift; path = SceneDelegate.swift; sourceTree = "<group>"; };
		4BA12D852BA004CE00BC4EB0 /* Base */ = {isa = PBXFileReference; lastKnownFileType = file.storyboard; name = Base; path = Base.lproj/Jinhee.storyboard; sourceTree = "<group>"; };
		4BA12D882BA004CE00BC4EB0 /* Foodle.xcdatamodel */ = {isa = PBXFileReference; lastKnownFileType = wrapper.xcdatamodel; path = Foodle.xcdatamodel; sourceTree = "<group>"; };
		4BA12D8A2BA004CF00BC4EB0 /* Assets.xcassets */ = {isa = PBXFileReference; lastKnownFileType = folder.assetcatalog; path = Assets.xcassets; sourceTree = "<group>"; };
		4BA12D8D2BA004CF00BC4EB0 /* Base */ = {isa = PBXFileReference; lastKnownFileType = file.storyboard; name = Base; path = Base.lproj/LaunchScreen.storyboard; sourceTree = "<group>"; };
		4BA12D8F2BA004CF00BC4EB0 /* Info.plist */ = {isa = PBXFileReference; lastKnownFileType = text.plist.xml; path = Info.plist; sourceTree = "<group>"; };
		4BA12D952BA0054F00BC4EB0 /* Minjeong.storyboard */ = {isa = PBXFileReference; lastKnownFileType = file.storyboard; path = Minjeong.storyboard; sourceTree = "<group>"; };
		4BB159FF2BB532BC0090A6DE /* UIImageExtension.swift */ = {isa = PBXFileReference; lastKnownFileType = sourcecode.swift; path = UIImageExtension.swift; sourceTree = "<group>"; };
		4BC68AAC2BA2B67300FC6546 /* MainViewController.swift */ = {isa = PBXFileReference; lastKnownFileType = sourcecode.swift; path = MainViewController.swift; sourceTree = "<group>"; };
		4BC68AAF2BA2DAF200FC6546 /* MainCollectionViewCell.swift */ = {isa = PBXFileReference; lastKnownFileType = sourcecode.swift; path = MainCollectionViewCell.swift; sourceTree = "<group>"; };
		4BC68AB12BA2DBD300FC6546 /* MainTableViewCell.swift */ = {isa = PBXFileReference; lastKnownFileType = sourcecode.swift; path = MainTableViewCell.swift; sourceTree = "<group>"; };
		92B688472BB0A20400D7DF2C /* LoginViewCell.swift */ = {isa = PBXFileReference; lastKnownFileType = sourcecode.swift; path = LoginViewCell.swift; sourceTree = "<group>"; };
		92B6884A2BB0A46D00D7DF2C /* icon_apple.png */ = {isa = PBXFileReference; lastKnownFileType = image.png; path = icon_apple.png; sourceTree = "<group>"; };
		92B6884B2BB0A46D00D7DF2C /* icon_kakao.png */ = {isa = PBXFileReference; lastKnownFileType = image.png; path = icon_kakao.png; sourceTree = "<group>"; };
		92B6884C2BB0A46E00D7DF2C /* icon_naver.png */ = {isa = PBXFileReference; lastKnownFileType = image.png; path = icon_naver.png; sourceTree = "<group>"; };
/* End PBXFileReference section */

/* Begin PBXFrameworksBuildPhase section */
		4BA12D782BA004CE00BC4EB0 /* Frameworks */ = {
			isa = PBXFrameworksBuildPhase;
			buildActionMask = 2147483647;
			files = (
			);
			runOnlyForDeploymentPostprocessing = 0;
		};
/* End PBXFrameworksBuildPhase section */

/* Begin PBXGroup section */
		4BA12D722BA004CE00BC4EB0 = {
			isa = PBXGroup;
			children = (
				4BA12D7D2BA004CE00BC4EB0 /* Foodle */,
				4BA12D7C2BA004CE00BC4EB0 /* Products */,
			);
			sourceTree = "<group>";
		};
		4BA12D7C2BA004CE00BC4EB0 /* Products */ = {
			isa = PBXGroup;
			children = (
				4BA12D7B2BA004CE00BC4EB0 /* Foodle.app */,
			);
			name = Products;
			sourceTree = "<group>";
		};
		4BA12D7D2BA004CE00BC4EB0 /* Foodle */ = {
			isa = PBXGroup;
			children = (
				92B688492BB0A45500D7DF2C /* Image */,
				4BB159FE2BB5329E0090A6DE /* Utility */,
				4BC68AB32BA2DCA800FC6546 /* Cell */,
				4BC68AAE2BA2D7FF00FC6546 /* Model */,
				4BA12D972BA2AAA800BC4EB0 /* ViewController */,
				4BA12D7E2BA004CE00BC4EB0 /* AppDelegate.swift */,
				4BA12D802BA004CE00BC4EB0 /* SceneDelegate.swift */,
				4BA12D842BA004CE00BC4EB0 /* Jinhee.storyboard */,
				4BA12D952BA0054F00BC4EB0 /* Minjeong.storyboard */,
				4BA12D8A2BA004CF00BC4EB0 /* Assets.xcassets */,
				4BA12D8C2BA004CF00BC4EB0 /* LaunchScreen.storyboard */,
				4BA12D8F2BA004CF00BC4EB0 /* Info.plist */,
				4BA12D872BA004CE00BC4EB0 /* Foodle.xcdatamodeld */,
			);
			path = Foodle;
			sourceTree = "<group>";
		};
		4BA12D972BA2AAA800BC4EB0 /* ViewController */ = {
			isa = PBXGroup;
			children = (
				4BC68AAC2BA2B67300FC6546 /* MainViewController.swift */,
				4B73950B2BAC3187006843DB /* SelectFriendsViewController.swift */,
				4B73950D2BAC31A4006843DB /* SetMeetingViewController.swift */,
				4B73950F2BAC31BB006843DB /* AddMeetingPlaceViewController.swift */,
			);
			path = ViewController;
			sourceTree = "<group>";
		};
		4BB159FE2BB5329E0090A6DE /* Utility */ = {
			isa = PBXGroup;
			children = (
				4BB159FF2BB532BC0090A6DE /* UIImageExtension.swift */,
			);
			path = Utility;
			sourceTree = "<group>";
		};
		4BC68AAE2BA2D7FF00FC6546 /* Model */ = {
			isa = PBXGroup;
			children = (
			);
			path = Model;
			sourceTree = "<group>";
		};
		4BC68AB32BA2DCA800FC6546 /* Cell */ = {
			isa = PBXGroup;
			children = (
				4BC68AB12BA2DBD300FC6546 /* MainTableViewCell.swift */,
				4BC68AAF2BA2DAF200FC6546 /* MainCollectionViewCell.swift */,
				4B1261362BA31450002F52BD /* UpcomingCollectionViewCell.swift */,
				4B7395112BAC3D32006843DB /* AddMeetingPlaceTableViewCell.swift */,
				92B688472BB0A20400D7DF2C /* LoginViewCell.swift */,
			);
			path = Cell;
			sourceTree = "<group>";
		};
		92B688492BB0A45500D7DF2C /* Image */ = {
			isa = PBXGroup;
			children = (
				92B6884A2BB0A46D00D7DF2C /* icon_apple.png */,
				92B6884B2BB0A46D00D7DF2C /* icon_kakao.png */,
				92B6884C2BB0A46E00D7DF2C /* icon_naver.png */,
			);
			path = Image;
			sourceTree = "<group>";
		};
/* End PBXGroup section */

/* Begin PBXNativeTarget section */
		4BA12D7A2BA004CE00BC4EB0 /* Foodle */ = {
			isa = PBXNativeTarget;
			buildConfigurationList = 4BA12D922BA004CF00BC4EB0 /* Build configuration list for PBXNativeTarget "Foodle" */;
			buildPhases = (
				4BA12D772BA004CE00BC4EB0 /* Sources */,
				4BA12D782BA004CE00BC4EB0 /* Frameworks */,
				4BA12D792BA004CE00BC4EB0 /* Resources */,
			);
			buildRules = (
			);
			dependencies = (
			);
			name = Foodle;
			productName = Foodle;
			productReference = 4BA12D7B2BA004CE00BC4EB0 /* Foodle.app */;
			productType = "com.apple.product-type.application";
		};
/* End PBXNativeTarget section */

/* Begin PBXProject section */
		4BA12D732BA004CE00BC4EB0 /* Project object */ = {
			isa = PBXProject;
			attributes = {
				BuildIndependentTargetsInParallel = 1;
				LastSwiftUpdateCheck = 1520;
				LastUpgradeCheck = 1520;
				TargetAttributes = {
					4BA12D7A2BA004CE00BC4EB0 = {
						CreatedOnToolsVersion = 15.2;
					};
				};
			};
			buildConfigurationList = 4BA12D762BA004CE00BC4EB0 /* Build configuration list for PBXProject "Foodle" */;
			compatibilityVersion = "Xcode 14.0";
			developmentRegion = en;
			hasScannedForEncodings = 0;
			knownRegions = (
				en,
				Base,
			);
			mainGroup = 4BA12D722BA004CE00BC4EB0;
			productRefGroup = 4BA12D7C2BA004CE00BC4EB0 /* Products */;
			projectDirPath = "";
			projectRoot = "";
			targets = (
				4BA12D7A2BA004CE00BC4EB0 /* Foodle */,
			);
		};
/* End PBXProject section */

/* Begin PBXResourcesBuildPhase section */
		4BA12D792BA004CE00BC4EB0 /* Resources */ = {
			isa = PBXResourcesBuildPhase;
			buildActionMask = 2147483647;
			files = (
				4BA12D8E2BA004CF00BC4EB0 /* LaunchScreen.storyboard in Resources */,
				4BA12D962BA0054F00BC4EB0 /* Minjeong.storyboard in Resources */,
				92B6884D2BB0A46E00D7DF2C /* icon_apple.png in Resources */,
				92B6884F2BB0A46E00D7DF2C /* icon_naver.png in Resources */,
				4BA12D8B2BA004CF00BC4EB0 /* Assets.xcassets in Resources */,
				92B6884E2BB0A46E00D7DF2C /* icon_kakao.png in Resources */,
				4BA12D862BA004CE00BC4EB0 /* Jinhee.storyboard in Resources */,
			);
			runOnlyForDeploymentPostprocessing = 0;
		};
/* End PBXResourcesBuildPhase section */

/* Begin PBXSourcesBuildPhase section */
		4BA12D772BA004CE00BC4EB0 /* Sources */ = {
			isa = PBXSourcesBuildPhase;
			buildActionMask = 2147483647;
			files = (
				4B7395122BAC3D32006843DB /* AddMeetingPlaceTableViewCell.swift in Sources */,
				4BC68AB02BA2DAF200FC6546 /* MainCollectionViewCell.swift in Sources */,
				4BA12D892BA004CE00BC4EB0 /* Foodle.xcdatamodeld in Sources */,
				4B73950C2BAC3187006843DB /* SelectFriendsViewController.swift in Sources */,
				4BA12D7F2BA004CE00BC4EB0 /* AppDelegate.swift in Sources */,
				4B73950E2BAC31A4006843DB /* SetMeetingViewController.swift in Sources */,
				92B688482BB0A20400D7DF2C /* LoginViewCell.swift in Sources */,
				4BA12D812BA004CE00BC4EB0 /* SceneDelegate.swift in Sources */,
				4B7395102BAC31BB006843DB /* AddMeetingPlaceViewController.swift in Sources */,
				4B1261372BA31450002F52BD /* UpcomingCollectionViewCell.swift in Sources */,
				4BB15A002BB532BC0090A6DE /* UIImageExtension.swift in Sources */,
				4BC68AB22BA2DBD300FC6546 /* MainTableViewCell.swift in Sources */,
				4BC68AAD2BA2B67300FC6546 /* MainViewController.swift in Sources */,
			);
			runOnlyForDeploymentPostprocessing = 0;
		};
/* End PBXSourcesBuildPhase section */

/* Begin PBXVariantGroup section */
		4BA12D842BA004CE00BC4EB0 /* Jinhee.storyboard */ = {
			isa = PBXVariantGroup;
			children = (
				4BA12D852BA004CE00BC4EB0 /* Base */,
			);
			name = Jinhee.storyboard;
			sourceTree = "<group>";
		};
		4BA12D8C2BA004CF00BC4EB0 /* LaunchScreen.storyboard */ = {
			isa = PBXVariantGroup;
			children = (
				4BA12D8D2BA004CF00BC4EB0 /* Base */,
			);
			name = LaunchScreen.storyboard;
			sourceTree = "<group>";
		};
/* End PBXVariantGroup section */

/* Begin XCBuildConfiguration section */
		4BA12D902BA004CF00BC4EB0 /* Debug */ = {
			isa = XCBuildConfiguration;
			buildSettings = {
				ALWAYS_SEARCH_USER_PATHS = NO;
				ASSETCATALOG_COMPILER_GENERATE_SWIFT_ASSET_SYMBOL_EXTENSIONS = YES;
				CLANG_ANALYZER_NONNULL = YES;
				CLANG_ANALYZER_NUMBER_OBJECT_CONVERSION = YES_AGGRESSIVE;
				CLANG_CXX_LANGUAGE_STANDARD = "gnu++20";
				CLANG_ENABLE_MODULES = YES;
				CLANG_ENABLE_OBJC_ARC = YES;
				CLANG_ENABLE_OBJC_WEAK = YES;
				CLANG_WARN_BLOCK_CAPTURE_AUTORELEASING = YES;
				CLANG_WARN_BOOL_CONVERSION = YES;
				CLANG_WARN_COMMA = YES;
				CLANG_WARN_CONSTANT_CONVERSION = YES;
				CLANG_WARN_DEPRECATED_OBJC_IMPLEMENTATIONS = YES;
				CLANG_WARN_DIRECT_OBJC_ISA_USAGE = YES_ERROR;
				CLANG_WARN_DOCUMENTATION_COMMENTS = YES;
				CLANG_WARN_EMPTY_BODY = YES;
				CLANG_WARN_ENUM_CONVERSION = YES;
				CLANG_WARN_INFINITE_RECURSION = YES;
				CLANG_WARN_INT_CONVERSION = YES;
				CLANG_WARN_NON_LITERAL_NULL_CONVERSION = YES;
				CLANG_WARN_OBJC_IMPLICIT_RETAIN_SELF = YES;
				CLANG_WARN_OBJC_LITERAL_CONVERSION = YES;
				CLANG_WARN_OBJC_ROOT_CLASS = YES_ERROR;
				CLANG_WARN_QUOTED_INCLUDE_IN_FRAMEWORK_HEADER = YES;
				CLANG_WARN_RANGE_LOOP_ANALYSIS = YES;
				CLANG_WARN_STRICT_PROTOTYPES = YES;
				CLANG_WARN_SUSPICIOUS_MOVE = YES;
				CLANG_WARN_UNGUARDED_AVAILABILITY = YES_AGGRESSIVE;
				CLANG_WARN_UNREACHABLE_CODE = YES;
				CLANG_WARN__DUPLICATE_METHOD_MATCH = YES;
				COPY_PHASE_STRIP = NO;
				DEBUG_INFORMATION_FORMAT = dwarf;
				ENABLE_STRICT_OBJC_MSGSEND = YES;
				ENABLE_TESTABILITY = YES;
				ENABLE_USER_SCRIPT_SANDBOXING = YES;
				GCC_C_LANGUAGE_STANDARD = gnu17;
				GCC_DYNAMIC_NO_PIC = NO;
				GCC_NO_COMMON_BLOCKS = YES;
				GCC_OPTIMIZATION_LEVEL = 0;
				GCC_PREPROCESSOR_DEFINITIONS = (
					"DEBUG=1",
					"$(inherited)",
				);
				GCC_WARN_64_TO_32_BIT_CONVERSION = YES;
				GCC_WARN_ABOUT_RETURN_TYPE = YES_ERROR;
				GCC_WARN_UNDECLARED_SELECTOR = YES;
				GCC_WARN_UNINITIALIZED_AUTOS = YES_AGGRESSIVE;
				GCC_WARN_UNUSED_FUNCTION = YES;
				GCC_WARN_UNUSED_VARIABLE = YES;
				IPHONEOS_DEPLOYMENT_TARGET = 17.2;
				LOCALIZATION_PREFERS_STRING_CATALOGS = YES;
				MTL_ENABLE_DEBUG_INFO = INCLUDE_SOURCE;
				MTL_FAST_MATH = YES;
				ONLY_ACTIVE_ARCH = YES;
				SDKROOT = iphoneos;
				SWIFT_ACTIVE_COMPILATION_CONDITIONS = "DEBUG $(inherited)";
				SWIFT_OPTIMIZATION_LEVEL = "-Onone";
			};
			name = Debug;
		};
		4BA12D912BA004CF00BC4EB0 /* Release */ = {
			isa = XCBuildConfiguration;
			buildSettings = {
				ALWAYS_SEARCH_USER_PATHS = NO;
				ASSETCATALOG_COMPILER_GENERATE_SWIFT_ASSET_SYMBOL_EXTENSIONS = YES;
				CLANG_ANALYZER_NONNULL = YES;
				CLANG_ANALYZER_NUMBER_OBJECT_CONVERSION = YES_AGGRESSIVE;
				CLANG_CXX_LANGUAGE_STANDARD = "gnu++20";
				CLANG_ENABLE_MODULES = YES;
				CLANG_ENABLE_OBJC_ARC = YES;
				CLANG_ENABLE_OBJC_WEAK = YES;
				CLANG_WARN_BLOCK_CAPTURE_AUTORELEASING = YES;
				CLANG_WARN_BOOL_CONVERSION = YES;
				CLANG_WARN_COMMA = YES;
				CLANG_WARN_CONSTANT_CONVERSION = YES;
				CLANG_WARN_DEPRECATED_OBJC_IMPLEMENTATIONS = YES;
				CLANG_WARN_DIRECT_OBJC_ISA_USAGE = YES_ERROR;
				CLANG_WARN_DOCUMENTATION_COMMENTS = YES;
				CLANG_WARN_EMPTY_BODY = YES;
				CLANG_WARN_ENUM_CONVERSION = YES;
				CLANG_WARN_INFINITE_RECURSION = YES;
				CLANG_WARN_INT_CONVERSION = YES;
				CLANG_WARN_NON_LITERAL_NULL_CONVERSION = YES;
				CLANG_WARN_OBJC_IMPLICIT_RETAIN_SELF = YES;
				CLANG_WARN_OBJC_LITERAL_CONVERSION = YES;
				CLANG_WARN_OBJC_ROOT_CLASS = YES_ERROR;
				CLANG_WARN_QUOTED_INCLUDE_IN_FRAMEWORK_HEADER = YES;
				CLANG_WARN_RANGE_LOOP_ANALYSIS = YES;
				CLANG_WARN_STRICT_PROTOTYPES = YES;
				CLANG_WARN_SUSPICIOUS_MOVE = YES;
				CLANG_WARN_UNGUARDED_AVAILABILITY = YES_AGGRESSIVE;
				CLANG_WARN_UNREACHABLE_CODE = YES;
				CLANG_WARN__DUPLICATE_METHOD_MATCH = YES;
				COPY_PHASE_STRIP = NO;
				DEBUG_INFORMATION_FORMAT = "dwarf-with-dsym";
				ENABLE_NS_ASSERTIONS = NO;
				ENABLE_STRICT_OBJC_MSGSEND = YES;
				ENABLE_USER_SCRIPT_SANDBOXING = YES;
				GCC_C_LANGUAGE_STANDARD = gnu17;
				GCC_NO_COMMON_BLOCKS = YES;
				GCC_WARN_64_TO_32_BIT_CONVERSION = YES;
				GCC_WARN_ABOUT_RETURN_TYPE = YES_ERROR;
				GCC_WARN_UNDECLARED_SELECTOR = YES;
				GCC_WARN_UNINITIALIZED_AUTOS = YES_AGGRESSIVE;
				GCC_WARN_UNUSED_FUNCTION = YES;
				GCC_WARN_UNUSED_VARIABLE = YES;
				IPHONEOS_DEPLOYMENT_TARGET = 17.2;
				LOCALIZATION_PREFERS_STRING_CATALOGS = YES;
				MTL_ENABLE_DEBUG_INFO = NO;
				MTL_FAST_MATH = YES;
				SDKROOT = iphoneos;
				SWIFT_COMPILATION_MODE = wholemodule;
				VALIDATE_PRODUCT = YES;
			};
			name = Release;
		};
		4BA12D932BA004CF00BC4EB0 /* Debug */ = {
			isa = XCBuildConfiguration;
			buildSettings = {
				ASSETCATALOG_COMPILER_APPICON_NAME = AppIcon;
				ASSETCATALOG_COMPILER_GLOBAL_ACCENT_COLOR_NAME = AccentColor;
				CODE_SIGN_STYLE = Automatic;
				CURRENT_PROJECT_VERSION = 1;
				DEVELOPMENT_TEAM = 2KZXB85M2Q;
				GENERATE_INFOPLIST_FILE = YES;
				INFOPLIST_FILE = Foodle/Info.plist;
				INFOPLIST_KEY_CFBundleDisplayName = Foodle;
				INFOPLIST_KEY_LSApplicationCategoryType = "public.app-category.lifestyle";
				INFOPLIST_KEY_UIApplicationSupportsIndirectInputEvents = YES;
				INFOPLIST_KEY_UILaunchStoryboardName = LaunchScreen;
				INFOPLIST_KEY_UIMainStoryboardFile = Jinhee;
				INFOPLIST_KEY_UISupportedInterfaceOrientations_iPad = "UIInterfaceOrientationPortrait UIInterfaceOrientationPortraitUpsideDown UIInterfaceOrientationLandscapeLeft UIInterfaceOrientationLandscapeRight";
				INFOPLIST_KEY_UISupportedInterfaceOrientations_iPhone = "UIInterfaceOrientationPortrait UIInterfaceOrientationLandscapeLeft UIInterfaceOrientationLandscapeRight";
				IPHONEOS_DEPLOYMENT_TARGET = 15.2;
				LD_RUNPATH_SEARCH_PATHS = (
					"$(inherited)",
					"@executable_path/Frameworks",
				);
				MARKETING_VERSION = 1.0;
				PRODUCT_BUNDLE_IDENTIFIER = com.SSFC.Foodle;
				PRODUCT_NAME = "$(TARGET_NAME)";
				SWIFT_EMIT_LOC_STRINGS = YES;
				SWIFT_VERSION = 5.0;
				TARGETED_DEVICE_FAMILY = "1,2";
			};
			name = Debug;
		};
		4BA12D942BA004CF00BC4EB0 /* Release */ = {
			isa = XCBuildConfiguration;
			buildSettings = {
				ASSETCATALOG_COMPILER_APPICON_NAME = AppIcon;
				ASSETCATALOG_COMPILER_GLOBAL_ACCENT_COLOR_NAME = AccentColor;
				CODE_SIGN_STYLE = Automatic;
				CURRENT_PROJECT_VERSION = 1;
				DEVELOPMENT_TEAM = 2KZXB85M2Q;
				GENERATE_INFOPLIST_FILE = YES;
				INFOPLIST_FILE = Foodle/Info.plist;
				INFOPLIST_KEY_CFBundleDisplayName = Foodle;
				INFOPLIST_KEY_LSApplicationCategoryType = "public.app-category.lifestyle";
				INFOPLIST_KEY_UIApplicationSupportsIndirectInputEvents = YES;
				INFOPLIST_KEY_UILaunchStoryboardName = LaunchScreen;
				INFOPLIST_KEY_UIMainStoryboardFile = Jinhee;
				INFOPLIST_KEY_UISupportedInterfaceOrientations_iPad = "UIInterfaceOrientationPortrait UIInterfaceOrientationPortraitUpsideDown UIInterfaceOrientationLandscapeLeft UIInterfaceOrientationLandscapeRight";
				INFOPLIST_KEY_UISupportedInterfaceOrientations_iPhone = "UIInterfaceOrientationPortrait UIInterfaceOrientationLandscapeLeft UIInterfaceOrientationLandscapeRight";
				IPHONEOS_DEPLOYMENT_TARGET = 15.2;
				LD_RUNPATH_SEARCH_PATHS = (
					"$(inherited)",
					"@executable_path/Frameworks",
				);
				MARKETING_VERSION = 1.0;
				PRODUCT_BUNDLE_IDENTIFIER = com.SSFC.Foodle;
				PRODUCT_NAME = "$(TARGET_NAME)";
				SWIFT_EMIT_LOC_STRINGS = YES;
				SWIFT_VERSION = 5.0;
				TARGETED_DEVICE_FAMILY = "1,2";
			};
			name = Release;
		};
/* End XCBuildConfiguration section */

/* Begin XCConfigurationList section */
		4BA12D762BA004CE00BC4EB0 /* Build configuration list for PBXProject "Foodle" */ = {
			isa = XCConfigurationList;
			buildConfigurations = (
				4BA12D902BA004CF00BC4EB0 /* Debug */,
				4BA12D912BA004CF00BC4EB0 /* Release */,
			);
			defaultConfigurationIsVisible = 0;
			defaultConfigurationName = Release;
		};
		4BA12D922BA004CF00BC4EB0 /* Build configuration list for PBXNativeTarget "Foodle" */ = {
			isa = XCConfigurationList;
			buildConfigurations = (
				4BA12D932BA004CF00BC4EB0 /* Debug */,
				4BA12D942BA004CF00BC4EB0 /* Release */,
			);
			defaultConfigurationIsVisible = 0;
			defaultConfigurationName = Release;
		};
/* End XCConfigurationList section */

/* Begin XCVersionGroup section */
		4BA12D872BA004CE00BC4EB0 /* Foodle.xcdatamodeld */ = {
			isa = XCVersionGroup;
			children = (
				4BA12D882BA004CE00BC4EB0 /* Foodle.xcdatamodel */,
			);
			currentVersion = 4BA12D882BA004CE00BC4EB0 /* Foodle.xcdatamodel */;
			path = Foodle.xcdatamodeld;
			sourceTree = "<group>";
			versionGroupType = wrapper.xcdatamodel;
		};
/* End XCVersionGroup section */
	};
	rootObject = 4BA12D732BA004CE00BC4EB0 /* Project object */;
}
